# THIS IS AN AUTOGENERATED FILE. DO NOT EDIT THIS FILE DIRECTLY.
# yarn lockfile v1


"@fekit/floor@^2.2.2":
  version "2.2.2"
  resolved "http://npm.yhjcare.com/@fekit%2ffloor/-/floor-2.2.2.tgz#d9da6fa1746d2cfffb3687f9dd20e1bbab524284"
  integrity sha512-bDnITHtgsULs2g8zIUWNwTebR7DHabZNuAe7OVOfVToMc5Ky7srngULet5L6+X2DONEW3Zri/Rdkfgh4RwE5ZA==
  dependencies:
    "@fekit/utils" "^0.2.0"

"@fekit/follow@^1.0.8":
  version "1.0.8"
  resolved "http://npm.yhjcare.com/@fekit%2ffollow/-/follow-1.0.8.tgz#f0f714c55646d9472a06e6e32638fc86a67f5460"
  integrity sha512-2h0DChRM7/ap4LxvKheegYBG4ARIy5bambM0dp5PY2Q63gyAICJ9KvcPIxE3Npw+GB3pMN2N6JDerlVfrrdTsw==
  dependencies:
    resize-observer-polyfill "^1.5.1"

"@fekit/itable@^1.1.3":
  version "1.1.5"
  resolved "http://npm.yhjcare.com/@fekit%2fitable/-/itable-1.1.5.tgz#b438bde68a6016819fc39bfeb76c86a6376813cc"
  integrity sha512-0Sd5PWgdhm41uQlV4y8DypYpwcFygZQXx5eGBBcvARMMuxPCRTq8r3XAM/NkIsAYfeTfMEz1tkHe51gqUQqG1Q==
  dependencies:
    resize-observer-polyfill "^1.5.1"

"@fekit/pullload@^1.3.4":
  version "1.3.4"
  resolved "http://npm.yhjcare.com/@fekit%2fpullload/-/pullload-1.3.4.tgz#c0f2728446b1ee660f602f534e528902902bc3ed"
  integrity sha512-qDoIxd8Kq0hvPlI7giLVDchjWr6D1luN7wXh93a7UC1jpZEGvuVOwtfuL+a+7M5A4GytE/rGFqz5HHzOgklxnA==
  dependencies:
    resize-observer-polyfill "^1.5.1"

"@fekit/scale@^2.0.1":
  version "2.0.1"
  resolved "http://npm.yhjcare.com/@fekit%2fscale/-/scale-2.0.1.tgz#698ee2e1837dda7ba129376617ef1ad09da379fb"
  integrity sha512-y1hoXZJLNF/JOq1+IK67HbFl6TTluJUOT3Kh6nitZEh0s64oGFbIV2LSKfsp65qLWEEw5n/FOBG7YcRwPQlyFg==

"@fekit/scrollto@^3.0.2":
  version "3.0.2"
  resolved "http://npm.yhjcare.com/@fekit%2fscrollto/-/scrollto-3.0.2.tgz#e059c094f06d2ee35ae1a3da3325b20fecaa3c5d"
  integrity sha512-/+vqNVglCUUWHH3e8DC3Ff1D4payZrM43GoWWWCChTKB1sZ8YD6yi7DX4PzQSfUwQVkZccfeafqX4++sNmbCGQ==
  dependencies:
    "@fekit/utils" "^0.1.0"

"@fekit/toast@^2.2.3":
  version "2.2.3"
  resolved "http://npm.yhjcare.com/@fekit%2ftoast/-/toast-2.2.3.tgz#75011360ac7c07873270e61c4c6953b662418342"
  integrity sha512-tnXXuyAjsFau8J13p8zXHrn2mAlTbTX7Vg+gLJ5c/h9DuP2TGPFCDWsebjOSEs+okHJ0Km2ldzzlB9O86jj+vw==

"@fekit/url@^2.0.1":
  version "2.0.1"
  resolved "http://npm.yhjcare.com/@fekit%2furl/-/url-2.0.1.tgz#b131ef398b3105fb1a572b731deabb2a7fb2d95c"
  integrity sha512-0ib9OKww6UGwTK13TKZ8EKrbjSZngK/DqxSKKOWrK1QjUj8oVxwHhNcVlvTMqF7lO/z73+pG6DlV179Lt6h7zw==
  dependencies:
    "@fekit/utils" "^0.3.0"

"@fekit/utils@^0.1.0":
  version "0.1.0"
  resolved "http://npm.yhjcare.com/@fekit%2futils/-/utils-0.1.0.tgz#e4ba61370f57a5b37cb620fd02a7cc17424bc9c2"
  integrity sha512-SBooy99a0MGcATaMI3nvdwlSsbwxs2Tm+rJ/GmTQEZU7S0qWPWTF1lLG3gini/BOTSgmvs2oPQ4AcubXJueUHA==

"@fekit/utils@^0.2.0":
  version "0.2.0"
  resolved "http://npm.yhjcare.com/@fekit%2futils/-/utils-0.2.0.tgz#6b59729b36ff97e7382118c3c1311e0b44408d13"
  integrity sha512-Ec3ZJQqnKbFQ32DXEHeveitC3GU0RHXhNjEyCIX+YRBpRK69ODczsgHv46d+IySBYxlcTJF4flSz0eAs3jhiIA==

"@fekit/utils@^0.3.0":
  version "0.3.0"
  resolved "http://npm.yhjcare.com/@fekit%2futils/-/utils-0.3.0.tgz#b214d4fc3dab3dcfc1a860124cafe87628951137"
  integrity sha512-4e861DaAFBei6IK9kpHki1lAowjehGhXUyW/IZdyIy72v4cM9ta/g4rNeIUX/vIrKsAQbykMydx36HXJLvkrrw==

"@fekit/utils@^2.10.7":
  version "2.10.7"
  resolved "https://mirrors.cloud.tencent.com/npm/@fekit/utils/-/utils-2.10.7.tgz#9da57bb5e7032fef84499f45456e881700dcbd0e"
  integrity sha512-xZHdcWsT5gz9cqLn22nDfAMKAVE8CDJqZaAAjJrPSBr7KiIT1VGWW1Z40Pz26XpaMfbXdknXo2kq1156wzGJoA==
  dependencies:
    mockjs "^1.1.0"

commander@*:
  version "11.1.0"
  resolved "http://npm.yhjcare.com/commander/-/commander-11.1.0.tgz#62fdce76006a68e5c1ab3314dc92e800eb83d906"
  integrity sha512-yPVavfyCcRhmorC7rWlkHn15b4wDVgVmBA7kV4QVBsF7kv/9TKJAbAXVTxvTnwP8HHKjRCJDClKbciiYS7p0DQ==

mockjs@^1.1.0:
  version "1.1.0"
  resolved "http://npm.yhjcare.com/mockjs/-/mockjs-1.1.0.tgz#e6a0c378e91906dbaff20911cc0273b3c7d75b06"
  integrity sha512-eQsKcWzIaZzEZ07NuEyO4Nw65g0hdWAyurVol1IPl1gahRwY+svqzfgfey8U8dahLwG44d6/RwEzuK52rSa/JQ==
  dependencies:
    commander "*"

resize-observer-polyfill@^1.5.1:
  version "1.5.1"
  resolved "http://npm.yhjcare.com/resize-observer-polyfill/-/resize-observer-polyfill-1.5.1.tgz#0e9020dd3d21024458d4ebd27e23e40269810464"
  integrity sha512-LwZrotdHOo12nQuZlHEmtuXdqGoOD0OhaxopaNFxWzInpEgaLWoVuAMbTzixuosCx2nEG58ngzW3vxdWoxIgdg==

swiper@^11.0.4:
  version "11.0.5"
  resolved "http://npm.yhjcare.com/swiper/-/swiper-11.0.5.tgz#6ed1ad06e6906ba42fd4b93d4988f0626a49046e"
  integrity sha512-rhCwupqSyRnWrtNzWzemnBLMoyYuoDgGgspAm/8iBD3jCvAWycPLH4Z3TB0O5520DHLzMx94yUMH/B9Efpa48w==

typescript@^5.1.6:
  version "5.3.3"
  resolved "http://npm.yhjcare.com/typescript/-/typescript-5.3.3.tgz#b3ce6ba258e72e6305ba66f5c9b452aaee3ffe37"
  integrity sha512-pXWcraxM0uxAS+tN0AG/BF2TyqmHO014Z070UsJ+pFvYuRSq8KH8DmWpnbXe0pEPDHXZV3FcAbJkijJ5oNEnWw==
