# THIS IS AN AUTOGENERATED FILE. DO NOT EDIT THIS FILE DIRECTLY.
# yarn lockfile v1


"@neatui/css@^1.0.15":
  version "1.0.15"
  resolved "https://registry.npmjs.org/@neatui/css/-/css-1.0.15.tgz#1bbeca28a3884a53d04d4b339bc44d222a7e5d89"
  integrity sha512-Wn5IF0ImqRA8/aIwt1BBKBSMocoOR3S9aFJM1+tmn472cB9Hz/49uqEfKIfZThtFq37rrW09bh0RsNIOrVaErw==

typescript@^5.1.6:
  version "5.4.5"
  resolved "https://registry.npmjs.org/typescript/-/typescript-5.4.5.tgz#42ccef2c571fdbd0f6718b1d1f5e6e5ef006f611"
  integrity sha512-vcI4UpRgg81oIRUFwR0WSIHKt11nJ7SAVlYNIu+QpqeyXP+gpQJy/Z4+F0aGxSE4MqwjyXvW/TzgkLAx2AGHwQ==
